
Microsoft Visual Studio Solution File, Format Version 12.00
# Visual Studio Version 17
VisualStudioVersion = 17.4.33122.133
MinimumVisualStudioVersion = 10.0.40219.1
Project("{FAE04EC0-301F-11D3-BF4B-00C04F79EFBC}") = "Decision Maker", "Decision Maker\Decision Maker.csproj", "{36EAB800-40C9-4490-A5E3-77532922A8A3}"
EndProject
Global
	GlobalSection(SolutionConfigurationPlatforms) = preSolution
		Debug|Any CPU = Debug|Any CPU
		Release|Any CPU = Release|Any CPU
	EndGlobalSection
	GlobalSection(ProjectConfigurationPlatforms) = postSolution
		{36EAB800-40C9-4490-A5E3-77532922A8A3}.Debug|Any CPU.ActiveCfg = Debug|Any CPU
		{36EAB800-40C9-4490-A5E3-77532922A8A3}.Debug|Any CPU.Build.0 = Debug|Any CPU
		{36EAB800-40C9-4490-A5E3-77532922A8A3}.Release|Any CPU.ActiveCfg = Release|Any CPU
		{36EAB800-40C9-4490-A5E3-77532922A8A3}.Release|Any CPU.Build.0 = Release|Any CPU
	EndGlobalSection
	GlobalSection(SolutionProperties) = preSolution
		HideSolutionNode = FALSE
	EndGlobalSection
	GlobalSection(ExtensibilityGlobals) = postSolution
		SolutionGuid = {C772C5E9-B876-44E8-AE17-9AB56C85CB5A}
	EndGlobalSection
EndGlobal
